
Microsoft Visual Studio Solution File, Format Version 12.00
# Visual Studio 15
VisualStudioVersion = 15.0.27703.2026
MinimumVisualStudioVersion = 10.0.40219.1
Project("{8BC9CEB8-8B4A-11D0-8D11-00A0C91BC942}") = "EchoServer_Thread", "EchoServer.vcxproj", "{94EA20AB-6EB3-48A6-ACB8-90C1A0086E5E}"
EndProject
Project("{8BC9CEB8-8B4A-11D0-8D11-00A0C91BC942}") = "Packet_Client", "..\Packet_Client\Packet_Client.vcxproj", "{B8F1E3AC-C7F1-4581-951A-643357551D68}"
EndProject
Project("{8BC9CEB8-8B4A-11D0-8D11-00A0C91BC942}") = "Thread", "Thread\Thread.vcxproj", "{77C574F8-C369-46D9-8F0D-4323069BA196}"
EndProject
Project("{8BC9CEB8-8B4A-11D0-8D11-00A0C91BC942}") = "Basic_Server", "Basic_Server\Basic_Server.vcxproj", "{81E2FAE4-F3D8-4820-B871-4308EF037D3D}"
EndProject
Project("{8BC9CEB8-8B4A-11D0-8D11-00A0C91BC942}") = "Basic_Client", "Basic_Client\Basic_Client.vcxproj", "{8C172D88-2D11-4E6D-9456-90AD21198AB9}"
EndProject
Project("{8BC9CEB8-8B4A-11D0-8D11-00A0C91BC942}") = "Server_Thread", "..\Server_Thread\Server_Thread.vcxproj", "{D89FADAC-D1EA-4AF3-9F7E-0CD5389BEE93}"
EndProject
Project("{8BC9CEB8-8B4A-11D0-8D11-00A0C91BC942}") = "얼마나 다행인가... 주께서 이 땅에 오신게", "..\얼마나 다행인가... 주께서 이 땅에 오신게\얼마나 다행인가... 주께서 이 땅에 오신게.vcxproj", "{48D21D5A-D2E8-4FD9-9460-85342997B624}"
EndProject
Project("{8BC9CEB8-8B4A-11D0-8D11-00A0C91BC942}") = "쓰레드 임계여역", "..\쓰레드 임계여역\쓰레드 임계여역.vcxproj", "{A4E462D5-5266-4A0C-8813-C1F049073ECC}"
EndProject
Project("{8BC9CEB8-8B4A-11D0-8D11-00A0C91BC942}") = "쓰레드 계속 도는", "쓰레드 계속 도는\쓰레드 계속 도는.vcxproj", "{0223B81F-E8D5-4C60-AE1D-6A40E0EB3DD6}"
EndProject
Project("{8BC9CEB8-8B4A-11D0-8D11-00A0C91BC942}") = "Event_Sample", "..\Event_Sample\Event_Sample.vcxproj", "{3CD00618-1CA3-45CE-9274-9CDC2D7E4215}"
EndProject
Project("{8BC9CEB8-8B4A-11D0-8D11-00A0C91BC942}") = "IOCP 모델", "IOCP 모델\IOCP 모델.vcxproj", "{ABE46718-53DF-4A91-A40D-1221DA2861FB}"
EndProject
Project("{8BC9CEB8-8B4A-11D0-8D11-00A0C91BC942}") = "DATABASE1", "..\DATABASE1\DATABASE1.vcxproj", "{F99D04AE-17AC-44D0-9049-9525B7260D1C}"
EndProject
Project("{8BC9CEB8-8B4A-11D0-8D11-00A0C91BC942}") = "Database_practice", "..\Database_practice\Database_practice.vcxproj", "{986FA6BF-9AFA-4868-8B4C-E0FD196B23A1}"
EndProject
Project("{8BC9CEB8-8B4A-11D0-8D11-00A0C91BC942}") = "SQL 서버, 데이터베이스 비쥬얼스튜디오로", "..\SQL 서버, 데이터베이스 비쥬얼스튜디오로\SQL 서버, 데이터베이스 비쥬얼스튜디오로.vcxproj", "{FB881B74-F3EC-4759-A158-1F526468FC9F}"
EndProject
Project("{8BC9CEB8-8B4A-11D0-8D11-00A0C91BC942}") = "가상클래스생성", "..\Project1\Project1.vcxproj", "{DE0A04F9-F42F-4E7B-BCF6-09BECE1DB4FB}"
EndProject
Project("{8BC9CEB8-8B4A-11D0-8D11-00A0C91BC942}") = "RTTI", "RTTI\RTTI.vcxproj", "{B2F68784-4265-496B-9D75-123A68190DA5}"
EndProject
Project("{8BC9CEB8-8B4A-11D0-8D11-00A0C91BC942}") = "Project2", "Project2\Project2.vcxproj", "{150E378C-09FA-4CED-BB19-B0093CB25412}"
EndProject
Project("{8BC9CEB8-8B4A-11D0-8D11-00A0C91BC942}") = "쓰레드서버", "..\쓰레드서버\쓰레드서버.vcxproj", "{464DB592-DDCA-477C-A31B-8A056C0FCC96}"
EndProject
Project("{8BC9CEB8-8B4A-11D0-8D11-00A0C91BC942}") = "UDP SERVER", "UDP SERVER\UDP SERVER.vcxproj", "{D4E921DF-EB47-4DAA-AC9D-A3261772B0DD}"
EndProject
Project("{8BC9CEB8-8B4A-11D0-8D11-00A0C91BC942}") = "UDP CLIENT", "UDP CLIENT\UDP CLIENT.vcxproj", "{882E51C1-ADF6-4ACB-AD0F-B5D15C16DC20}"
EndProject
Project("{8BC9CEB8-8B4A-11D0-8D11-00A0C91BC942}") = "쓰레드 클라이언트", "..\쓰레드 클라이언트\쓰레드 클라이언트.vcxproj", "{0F653433-0133-4304-ABBA-4FAD6DF9A02B}"
EndProject
Project("{8BC9CEB8-8B4A-11D0-8D11-00A0C91BC942}") = "Vector", "..\Vector\Vector.vcxproj", "{65ED6335-9D1E-49B9-8837-4B03250AA2AD}"
EndProject
Project("{8BC9CEB8-8B4A-11D0-8D11-00A0C91BC942}") = "연산자재정의", "연산자재정의\연산자재정의.vcxproj", "{DEE9E19B-2A57-4319-8A3E-037312BD6F0B}"
EndProject
Global
	GlobalSection(SolutionConfigurationPlatforms) = preSolution
		Debug|x64 = Debug|x64
		Debug|x86 = Debug|x86
		Release|x64 = Release|x64
		Release|x86 = Release|x86
	EndGlobalSection
	GlobalSection(ProjectConfigurationPlatforms) = postSolution
		{94EA20AB-6EB3-48A6-ACB8-90C1A0086E5E}.Debug|x64.ActiveCfg = Debug|x64
		{94EA20AB-6EB3-48A6-ACB8-90C1A0086E5E}.Debug|x64.Build.0 = Debug|x64
		{94EA20AB-6EB3-48A6-ACB8-90C1A0086E5E}.Debug|x86.ActiveCfg = Debug|Win32
		{94EA20AB-6EB3-48A6-ACB8-90C1A0086E5E}.Debug|x86.Build.0 = Debug|Win32
		{94EA20AB-6EB3-48A6-ACB8-90C1A0086E5E}.Release|x64.ActiveCfg = Release|x64
		{94EA20AB-6EB3-48A6-ACB8-90C1A0086E5E}.Release|x64.Build.0 = Release|x64
		{94EA20AB-6EB3-48A6-ACB8-90C1A0086E5E}.Release|x86.ActiveCfg = Release|Win32
		{94EA20AB-6EB3-48A6-ACB8-90C1A0086E5E}.Release|x86.Build.0 = Release|Win32
		{B8F1E3AC-C7F1-4581-951A-643357551D68}.Debug|x64.ActiveCfg = Debug|x64
		{B8F1E3AC-C7F1-4581-951A-643357551D68}.Debug|x64.Build.0 = Debug|x64
		{B8F1E3AC-C7F1-4581-951A-643357551D68}.Debug|x86.ActiveCfg = Debug|Win32
		{B8F1E3AC-C7F1-4581-951A-643357551D68}.Debug|x86.Build.0 = Debug|Win32
		{B8F1E3AC-C7F1-4581-951A-643357551D68}.Release|x64.ActiveCfg = Release|x64
		{B8F1E3AC-C7F1-4581-951A-643357551D68}.Release|x64.Build.0 = Release|x64
		{B8F1E3AC-C7F1-4581-951A-643357551D68}.Release|x86.ActiveCfg = Release|Win32
		{B8F1E3AC-C7F1-4581-951A-643357551D68}.Release|x86.Build.0 = Release|Win32
		{77C574F8-C369-46D9-8F0D-4323069BA196}.Debug|x64.ActiveCfg = Debug|x64
		{77C574F8-C369-46D9-8F0D-4323069BA196}.Debug|x64.Build.0 = Debug|x64
		{77C574F8-C369-46D9-8F0D-4323069BA196}.Debug|x86.ActiveCfg = Debug|Win32
		{77C574F8-C369-46D9-8F0D-4323069BA196}.Debug|x86.Build.0 = Debug|Win32
		{77C574F8-C369-46D9-8F0D-4323069BA196}.Release|x64.ActiveCfg = Release|x64
		{77C574F8-C369-46D9-8F0D-4323069BA196}.Release|x64.Build.0 = Release|x64
		{77C574F8-C369-46D9-8F0D-4323069BA196}.Release|x86.ActiveCfg = Release|Win32
		{77C574F8-C369-46D9-8F0D-4323069BA196}.Release|x86.Build.0 = Release|Win32
		{81E2FAE4-F3D8-4820-B871-4308EF037D3D}.Debug|x64.ActiveCfg = Debug|x64
		{81E2FAE4-F3D8-4820-B871-4308EF037D3D}.Debug|x64.Build.0 = Debug|x64
		{81E2FAE4-F3D8-4820-B871-4308EF037D3D}.Debug|x86.ActiveCfg = Debug|Win32
		{81E2FAE4-F3D8-4820-B871-4308EF037D3D}.Debug|x86.Build.0 = Debug|Win32
		{81E2FAE4-F3D8-4820-B871-4308EF037D3D}.Release|x64.ActiveCfg = Release|x64
		{81E2FAE4-F3D8-4820-B871-4308EF037D3D}.Release|x64.Build.0 = Release|x64
		{81E2FAE4-F3D8-4820-B871-4308EF037D3D}.Release|x86.ActiveCfg = Release|Win32
		{81E2FAE4-F3D8-4820-B871-4308EF037D3D}.Release|x86.Build.0 = Release|Win32
		{8C172D88-2D11-4E6D-9456-90AD21198AB9}.Debug|x64.ActiveCfg = Debug|x64
		{8C172D88-2D11-4E6D-9456-90AD21198AB9}.Debug|x64.Build.0 = Debug|x64
		{8C172D88-2D11-4E6D-9456-90AD21198AB9}.Debug|x86.ActiveCfg = Debug|Win32
		{8C172D88-2D11-4E6D-9456-90AD21198AB9}.Debug|x86.Build.0 = Debug|Win32
		{8C172D88-2D11-4E6D-9456-90AD21198AB9}.Release|x64.ActiveCfg = Release|x64
		{8C172D88-2D11-4E6D-9456-90AD21198AB9}.Release|x64.Build.0 = Release|x64
		{8C172D88-2D11-4E6D-9456-90AD21198AB9}.Release|x86.ActiveCfg = Release|Win32
		{8C172D88-2D11-4E6D-9456-90AD21198AB9}.Release|x86.Build.0 = Release|Win32
		{D89FADAC-D1EA-4AF3-9F7E-0CD5389BEE93}.Debug|x64.ActiveCfg = Debug|x64
		{D89FADAC-D1EA-4AF3-9F7E-0CD5389BEE93}.Debug|x64.Build.0 = Debug|x64
		{D89FADAC-D1EA-4AF3-9F7E-0CD5389BEE93}.Debug|x86.ActiveCfg = Debug|Win32
		{D89FADAC-D1EA-4AF3-9F7E-0CD5389BEE93}.Debug|x86.Build.0 = Debug|Win32
		{D89FADAC-D1EA-4AF3-9F7E-0CD5389BEE93}.Release|x64.ActiveCfg = Release|x64
		{D89FADAC-D1EA-4AF3-9F7E-0CD5389BEE93}.Release|x64.Build.0 = Release|x64
		{D89FADAC-D1EA-4AF3-9F7E-0CD5389BEE93}.Release|x86.ActiveCfg = Release|Win32
		{D89FADAC-D1EA-4AF3-9F7E-0CD5389BEE93}.Release|x86.Build.0 = Release|Win32
		{48D21D5A-D2E8-4FD9-9460-85342997B624}.Debug|x64.ActiveCfg = Debug|x64
		{48D21D5A-D2E8-4FD9-9460-85342997B624}.Debug|x64.Build.0 = Debug|x64
		{48D21D5A-D2E8-4FD9-9460-85342997B624}.Debug|x86.ActiveCfg = Debug|Win32
		{48D21D5A-D2E8-4FD9-9460-85342997B624}.Debug|x86.Build.0 = Debug|Win32
		{48D21D5A-D2E8-4FD9-9460-85342997B624}.Release|x64.ActiveCfg = Release|x64
		{48D21D5A-D2E8-4FD9-9460-85342997B624}.Release|x64.Build.0 = Release|x64
		{48D21D5A-D2E8-4FD9-9460-85342997B624}.Release|x86.ActiveCfg = Release|Win32
		{48D21D5A-D2E8-4FD9-9460-85342997B624}.Release|x86.Build.0 = Release|Win32
		{A4E462D5-5266-4A0C-8813-C1F049073ECC}.Debug|x64.ActiveCfg = Debug|x64
		{A4E462D5-5266-4A0C-8813-C1F049073ECC}.Debug|x64.Build.0 = Debug|x64
		{A4E462D5-5266-4A0C-8813-C1F049073ECC}.Debug|x86.ActiveCfg = Debug|Win32
		{A4E462D5-5266-4A0C-8813-C1F049073ECC}.Debug|x86.Build.0 = Debug|Win32
		{A4E462D5-5266-4A0C-8813-C1F049073ECC}.Release|x64.ActiveCfg = Release|x64
		{A4E462D5-5266-4A0C-8813-C1F049073ECC}.Release|x64.Build.0 = Release|x64
		{A4E462D5-5266-4A0C-8813-C1F049073ECC}.Release|x86.ActiveCfg = Release|Win32
		{A4E462D5-5266-4A0C-8813-C1F049073ECC}.Release|x86.Build.0 = Release|Win32
		{0223B81F-E8D5-4C60-AE1D-6A40E0EB3DD6}.Debug|x64.ActiveCfg = Debug|x64
		{0223B81F-E8D5-4C60-AE1D-6A40E0EB3DD6}.Debug|x64.Build.0 = Debug|x64
		{0223B81F-E8D5-4C60-AE1D-6A40E0EB3DD6}.Debug|x86.ActiveCfg = Debug|Win32
		{0223B81F-E8D5-4C60-AE1D-6A40E0EB3DD6}.Debug|x86.Build.0 = Debug|Win32
		{0223B81F-E8D5-4C60-AE1D-6A40E0EB3DD6}.Release|x64.ActiveCfg = Release|x64
		{0223B81F-E8D5-4C60-AE1D-6A40E0EB3DD6}.Release|x64.Build.0 = Release|x64
		{0223B81F-E8D5-4C60-AE1D-6A40E0EB3DD6}.Release|x86.ActiveCfg = Release|Win32
		{0223B81F-E8D5-4C60-AE1D-6A40E0EB3DD6}.Release|x86.Build.0 = Release|Win32
		{3CD00618-1CA3-45CE-9274-9CDC2D7E4215}.Debug|x64.ActiveCfg = Debug|x64
		{3CD00618-1CA3-45CE-9274-9CDC2D7E4215}.Debug|x64.Build.0 = Debug|x64
		{3CD00618-1CA3-45CE-9274-9CDC2D7E4215}.Debug|x86.ActiveCfg = Debug|Win32
		{3CD00618-1CA3-45CE-9274-9CDC2D7E4215}.Debug|x86.Build.0 = Debug|Win32
		{3CD00618-1CA3-45CE-9274-9CDC2D7E4215}.Release|x64.ActiveCfg = Release|x64
		{3CD00618-1CA3-45CE-9274-9CDC2D7E4215}.Release|x64.Build.0 = Release|x64
		{3CD00618-1CA3-45CE-9274-9CDC2D7E4215}.Release|x86.ActiveCfg = Release|Win32
		{3CD00618-1CA3-45CE-9274-9CDC2D7E4215}.Release|x86.Build.0 = Release|Win32
		{ABE46718-53DF-4A91-A40D-1221DA2861FB}.Debug|x64.ActiveCfg = Debug|x64
		{ABE46718-53DF-4A91-A40D-1221DA2861FB}.Debug|x64.Build.0 = Debug|x64
		{ABE46718-53DF-4A91-A40D-1221DA2861FB}.Debug|x86.ActiveCfg = Debug|Win32
		{ABE46718-53DF-4A91-A40D-1221DA2861FB}.Debug|x86.Build.0 = Debug|Win32
		{ABE46718-53DF-4A91-A40D-1221DA2861FB}.Release|x64.ActiveCfg = Release|x64
		{ABE46718-53DF-4A91-A40D-1221DA2861FB}.Release|x64.Build.0 = Release|x64
		{ABE46718-53DF-4A91-A40D-1221DA2861FB}.Release|x86.ActiveCfg = Release|Win32
		{ABE46718-53DF-4A91-A40D-1221DA2861FB}.Release|x86.Build.0 = Release|Win32
		{F99D04AE-17AC-44D0-9049-9525B7260D1C}.Debug|x64.ActiveCfg = Debug|x64
		{F99D04AE-17AC-44D0-9049-9525B7260D1C}.Debug|x64.Build.0 = Debug|x64
		{F99D04AE-17AC-44D0-9049-9525B7260D1C}.Debug|x86.ActiveCfg = Debug|Win32
		{F99D04AE-17AC-44D0-9049-9525B7260D1C}.Debug|x86.Build.0 = Debug|Win32
		{F99D04AE-17AC-44D0-9049-9525B7260D1C}.Release|x64.ActiveCfg = Release|x64
		{F99D04AE-17AC-44D0-9049-9525B7260D1C}.Release|x64.Build.0 = Release|x64
		{F99D04AE-17AC-44D0-9049-9525B7260D1C}.Release|x86.ActiveCfg = Release|Win32
		{F99D04AE-17AC-44D0-9049-9525B7260D1C}.Release|x86.Build.0 = Release|Win32
		{986FA6BF-9AFA-4868-8B4C-E0FD196B23A1}.Debug|x64.ActiveCfg = Debug|x64
		{986FA6BF-9AFA-4868-8B4C-E0FD196B23A1}.Debug|x64.Build.0 = Debug|x64
		{986FA6BF-9AFA-4868-8B4C-E0FD196B23A1}.Debug|x86.ActiveCfg = Debug|Win32
		{986FA6BF-9AFA-4868-8B4C-E0FD196B23A1}.Debug|x86.Build.0 = Debug|Win32
		{986FA6BF-9AFA-4868-8B4C-E0FD196B23A1}.Release|x64.ActiveCfg = Release|x64
		{986FA6BF-9AFA-4868-8B4C-E0FD196B23A1}.Release|x64.Build.0 = Release|x64
		{986FA6BF-9AFA-4868-8B4C-E0FD196B23A1}.Release|x86.ActiveCfg = Release|Win32
		{986FA6BF-9AFA-4868-8B4C-E0FD196B23A1}.Release|x86.Build.0 = Release|Win32
		{FB881B74-F3EC-4759-A158-1F526468FC9F}.Debug|x64.ActiveCfg = Debug|x64
		{FB881B74-F3EC-4759-A158-1F526468FC9F}.Debug|x64.Build.0 = Debug|x64
		{FB881B74-F3EC-4759-A158-1F526468FC9F}.Debug|x86.ActiveCfg = Debug|Win32
		{FB881B74-F3EC-4759-A158-1F526468FC9F}.Debug|x86.Build.0 = Debug|Win32
		{FB881B74-F3EC-4759-A158-1F526468FC9F}.Release|x64.ActiveCfg = Release|x64
		{FB881B74-F3EC-4759-A158-1F526468FC9F}.Release|x64.Build.0 = Release|x64
		{FB881B74-F3EC-4759-A158-1F526468FC9F}.Release|x86.ActiveCfg = Release|Win32
		{FB881B74-F3EC-4759-A158-1F526468FC9F}.Release|x86.Build.0 = Release|Win32
		{DE0A04F9-F42F-4E7B-BCF6-09BECE1DB4FB}.Debug|x64.ActiveCfg = Debug|x64
		{DE0A04F9-F42F-4E7B-BCF6-09BECE1DB4FB}.Debug|x64.Build.0 = Debug|x64
		{DE0A04F9-F42F-4E7B-BCF6-09BECE1DB4FB}.Debug|x86.ActiveCfg = Debug|Win32
		{DE0A04F9-F42F-4E7B-BCF6-09BECE1DB4FB}.Debug|x86.Build.0 = Debug|Win32
		{DE0A04F9-F42F-4E7B-BCF6-09BECE1DB4FB}.Release|x64.ActiveCfg = Release|x64
		{DE0A04F9-F42F-4E7B-BCF6-09BECE1DB4FB}.Release|x64.Build.0 = Release|x64
		{DE0A04F9-F42F-4E7B-BCF6-09BECE1DB4FB}.Release|x86.ActiveCfg = Release|Win32
		{DE0A04F9-F42F-4E7B-BCF6-09BECE1DB4FB}.Release|x86.Build.0 = Release|Win32
		{B2F68784-4265-496B-9D75-123A68190DA5}.Debug|x64.ActiveCfg = Debug|x64
		{B2F68784-4265-496B-9D75-123A68190DA5}.Debug|x64.Build.0 = Debug|x64
		{B2F68784-4265-496B-9D75-123A68190DA5}.Debug|x86.ActiveCfg = Debug|Win32
		{B2F68784-4265-496B-9D75-123A68190DA5}.Debug|x86.Build.0 = Debug|Win32
		{B2F68784-4265-496B-9D75-123A68190DA5}.Release|x64.ActiveCfg = Release|x64
		{B2F68784-4265-496B-9D75-123A68190DA5}.Release|x64.Build.0 = Release|x64
		{B2F68784-4265-496B-9D75-123A68190DA5}.Release|x86.ActiveCfg = Release|Win32
		{B2F68784-4265-496B-9D75-123A68190DA5}.Release|x86.Build.0 = Release|Win32
		{150E378C-09FA-4CED-BB19-B0093CB25412}.Debug|x64.ActiveCfg = Debug|x64
		{150E378C-09FA-4CED-BB19-B0093CB25412}.Debug|x64.Build.0 = Debug|x64
		{150E378C-09FA-4CED-BB19-B0093CB25412}.Debug|x86.ActiveCfg = Debug|Win32
		{150E378C-09FA-4CED-BB19-B0093CB25412}.Debug|x86.Build.0 = Debug|Win32
		{150E378C-09FA-4CED-BB19-B0093CB25412}.Release|x64.ActiveCfg = Release|x64
		{150E378C-09FA-4CED-BB19-B0093CB25412}.Release|x64.Build.0 = Release|x64
		{150E378C-09FA-4CED-BB19-B0093CB25412}.Release|x86.ActiveCfg = Release|Win32
		{150E378C-09FA-4CED-BB19-B0093CB25412}.Release|x86.Build.0 = Release|Win32
		{464DB592-DDCA-477C-A31B-8A056C0FCC96}.Debug|x64.ActiveCfg = Debug|x64
		{464DB592-DDCA-477C-A31B-8A056C0FCC96}.Debug|x64.Build.0 = Debug|x64
		{464DB592-DDCA-477C-A31B-8A056C0FCC96}.Debug|x86.ActiveCfg = Debug|Win32
		{464DB592-DDCA-477C-A31B-8A056C0FCC96}.Debug|x86.Build.0 = Debug|Win32
		{464DB592-DDCA-477C-A31B-8A056C0FCC96}.Release|x64.ActiveCfg = Release|x64
		{464DB592-DDCA-477C-A31B-8A056C0FCC96}.Release|x64.Build.0 = Release|x64
		{464DB592-DDCA-477C-A31B-8A056C0FCC96}.Release|x86.ActiveCfg = Release|Win32
		{464DB592-DDCA-477C-A31B-8A056C0FCC96}.Release|x86.Build.0 = Release|Win32
		{D4E921DF-EB47-4DAA-AC9D-A3261772B0DD}.Debug|x64.ActiveCfg = Debug|x64
		{D4E921DF-EB47-4DAA-AC9D-A3261772B0DD}.Debug|x64.Build.0 = Debug|x64
		{D4E921DF-EB47-4DAA-AC9D-A3261772B0DD}.Debug|x86.ActiveCfg = Debug|Win32
		{D4E921DF-EB47-4DAA-AC9D-A3261772B0DD}.Debug|x86.Build.0 = Debug|Win32
		{D4E921DF-EB47-4DAA-AC9D-A3261772B0DD}.Release|x64.ActiveCfg = Release|x64
		{D4E921DF-EB47-4DAA-AC9D-A3261772B0DD}.Release|x64.Build.0 = Release|x64
		{D4E921DF-EB47-4DAA-AC9D-A3261772B0DD}.Release|x86.ActiveCfg = Release|Win32
		{D4E921DF-EB47-4DAA-AC9D-A3261772B0DD}.Release|x86.Build.0 = Release|Win32
		{882E51C1-ADF6-4ACB-AD0F-B5D15C16DC20}.Debug|x64.ActiveCfg = Debug|x64
		{882E51C1-ADF6-4ACB-AD0F-B5D15C16DC20}.Debug|x64.Build.0 = Debug|x64
		{882E51C1-ADF6-4ACB-AD0F-B5D15C16DC20}.Debug|x86.ActiveCfg = Debug|Win32
		{882E51C1-ADF6-4ACB-AD0F-B5D15C16DC20}.Debug|x86.Build.0 = Debug|Win32
		{882E51C1-ADF6-4ACB-AD0F-B5D15C16DC20}.Release|x64.ActiveCfg = Release|x64
		{882E51C1-ADF6-4ACB-AD0F-B5D15C16DC20}.Release|x64.Build.0 = Release|x64
		{882E51C1-ADF6-4ACB-AD0F-B5D15C16DC20}.Release|x86.ActiveCfg = Release|Win32
		{882E51C1-ADF6-4ACB-AD0F-B5D15C16DC20}.Release|x86.Build.0 = Release|Win32
		{0F653433-0133-4304-ABBA-4FAD6DF9A02B}.Debug|x64.ActiveCfg = Debug|x64
		{0F653433-0133-4304-ABBA-4FAD6DF9A02B}.Debug|x64.Build.0 = Debug|x64
		{0F653433-0133-4304-ABBA-4FAD6DF9A02B}.Debug|x86.ActiveCfg = Debug|Win32
		{0F653433-0133-4304-ABBA-4FAD6DF9A02B}.Debug|x86.Build.0 = Debug|Win32
		{0F653433-0133-4304-ABBA-4FAD6DF9A02B}.Release|x64.ActiveCfg = Release|x64
		{0F653433-0133-4304-ABBA-4FAD6DF9A02B}.Release|x64.Build.0 = Release|x64
		{0F653433-0133-4304-ABBA-4FAD6DF9A02B}.Release|x86.ActiveCfg = Release|Win32
		{0F653433-0133-4304-ABBA-4FAD6DF9A02B}.Release|x86.Build.0 = Release|Win32
		{65ED6335-9D1E-49B9-8837-4B03250AA2AD}.Debug|x64.ActiveCfg = Debug|x64
		{65ED6335-9D1E-49B9-8837-4B03250AA2AD}.Debug|x64.Build.0 = Debug|x64
		{65ED6335-9D1E-49B9-8837-4B03250AA2AD}.Debug|x86.ActiveCfg = Debug|Win32
		{65ED6335-9D1E-49B9-8837-4B03250AA2AD}.Debug|x86.Build.0 = Debug|Win32
		{65ED6335-9D1E-49B9-8837-4B03250AA2AD}.Release|x64.ActiveCfg = Release|x64
		{65ED6335-9D1E-49B9-8837-4B03250AA2AD}.Release|x64.Build.0 = Release|x64
		{65ED6335-9D1E-49B9-8837-4B03250AA2AD}.Release|x86.ActiveCfg = Release|Win32
		{65ED6335-9D1E-49B9-8837-4B03250AA2AD}.Release|x86.Build.0 = Release|Win32
		{DEE9E19B-2A57-4319-8A3E-037312BD6F0B}.Debug|x64.ActiveCfg = Debug|x64
		{DEE9E19B-2A57-4319-8A3E-037312BD6F0B}.Debug|x64.Build.0 = Debug|x64
		{DEE9E19B-2A57-4319-8A3E-037312BD6F0B}.Debug|x86.ActiveCfg = Debug|Win32
		{DEE9E19B-2A57-4319-8A3E-037312BD6F0B}.Debug|x86.Build.0 = Debug|Win32
		{DEE9E19B-2A57-4319-8A3E-037312BD6F0B}.Release|x64.ActiveCfg = Release|x64
		{DEE9E19B-2A57-4319-8A3E-037312BD6F0B}.Release|x64.Build.0 = Release|x64
		{DEE9E19B-2A57-4319-8A3E-037312BD6F0B}.Release|x86.ActiveCfg = Release|Win32
		{DEE9E19B-2A57-4319-8A3E-037312BD6F0B}.Release|x86.Build.0 = Release|Win32
	EndGlobalSection
	GlobalSection(SolutionProperties) = preSolution
		HideSolutionNode = FALSE
	EndGlobalSection
	GlobalSection(ExtensibilityGlobals) = postSolution
		SolutionGuid = {83608EFF-D5A3-4A91-9D32-5C1B8FFA5106}
	EndGlobalSection
EndGlobal
